
Microsoft Visual Studio Solution File, Format Version 12.00
# Visual Studio 15
VisualStudioVersion = 15.0.27428.2037
MinimumVisualStudioVersion = 10.0.40219.1
Project("{FAE04EC0-301F-11D3-BF4B-00C04F79EFBC}") = "SeviceCenter", "SeviceCenter\SeviceCenter.csproj", "{F471BC9C-17CB-4F1B-A7B5-54237CF098AD}"
EndProject
Global
	GlobalSection(SolutionConfigurationPlatforms) = preSolution
		Debug|Any CPU = Debug|Any CPU
		Release|Any CPU = Release|Any CPU
	EndGlobalSection
	GlobalSection(ProjectConfigurationPlatforms) = postSolution
		{F471BC9C-17CB-4F1B-A7B5-54237CF098AD}.Debug|Any CPU.ActiveCfg = Debug|Any CPU
		{F471BC9C-17CB-4F1B-A7B5-54237CF098AD}.Debug|Any CPU.Build.0 = Debug|Any CPU
		{F471BC9C-17CB-4F1B-A7B5-54237CF098AD}.Release|Any CPU.ActiveCfg = Release|Any CPU
		{F471BC9C-17CB-4F1B-A7B5-54237CF098AD}.Release|Any CPU.Build.0 = Release|Any CPU
	EndGlobalSection
	GlobalSection(SolutionProperties) = preSolution
		HideSolutionNode = FALSE
	EndGlobalSection
	GlobalSection(ExtensibilityGlobals) = postSolution
		SolutionGuid = {986539A3-D459-4372-8BDE-5B0373613714}
	EndGlobalSection
EndGlobal
